{
  "name": "JobApply",
  "lockfileVersion": 3,
  "requires": true,
  "packages": {
    "": {
      "dependencies": {
        "deno": "^2.7.5"
      }
    },
    "node_modules/@deno/darwin-arm64": {
      "version": "2.7.5",
      "resolved": "https://registry.npmjs.org/@deno/darwin-arm64/-/darwin-arm64-2.7.5.tgz",
      "integrity": "sha512-zcqpW2hr0p5EUxg6CB9zeAucO/iq/T9ytKhiVzH5Ir209PLMnnFRoftHClPi+do2qs93EQz3pTEvTNZyvDAKnw==",
      "cpu": [
        "arm64"
      ],
      "license": "MIT",
      "optional": true,
      "os": [
        "darwin"
      ]
    },
    "node_modules/@deno/darwin-x64": {
      "version": "2.7.5",
      "resolved": "https://registry.npmjs.org/@deno/darwin-x64/-/darwin-x64-2.7.5.tgz",
      "integrity": "sha512-4bOZcS3oUN1JTdCG7wvdhGKZllsoWsTPrIeAzg2uDV9CNUhiRBnP+VeggRx36rni/KFiNXGULjuTq09wB9l3wQ==",
      "cpu": [
        "x64"
      ],
      "license": "MIT",
      "optional": true,
      "os": [
        "darwin"
      ]
    },
    "node_modules/@deno/linux-arm64-glibc": {
      "version": "2.7.5",
      "resolved": "https://registry.npmjs.org/@deno/linux-arm64-glibc/-/linux-arm64-glibc-2.7.5.tgz",
      "integrity": "sha512-8B682ZNSw4lF/dsZqRALmF2a7gzPccRef0C1EeCpnvXMC00XniEDqkex4ccAT2NdIUKxM1Almb2RieBX4cCFZA==",
      "cpu": [
        "arm64"
      ],
      "license": "MIT",
      "optional": true,
      "os": [
        "linux"
      ]
    },
    "node_modules/@deno/linux-x64-glibc": {
      "version": "2.7.5",
      "resolved": "https://registry.npmjs.org/@deno/linux-x64-glibc/-/linux-x64-glibc-2.7.5.tgz",
      "integrity": "sha512-CHmb1vDEZ4wimzhH7ooq+HqX+YcQN1piVe7oT8ll8WAvCUWilCLD5GU6gvucbMUORduQrVSUlnbR9JocuXTyiQ==",
      "cpu": [
        "x64"
      ],
      "license": "MIT",
      "optional": true,
      "os": [
        "linux"
      ]
    },
    "node_modules/@deno/win32-arm64": {
      "version": "2.7.5",
      "resolved": "https://registry.npmjs.org/@deno/win32-arm64/-/win32-arm64-2.7.5.tgz",
      "integrity": "sha512-8avZZRhGyXaTiqB4pCag5LW3J3peLYvw2QETu5XnaGX1XAgG3VhqupSIn1YANGWR4jl8E6Al+sLqy+Q8r5pYIg==",
      "cpu": [
        "arm64"
      ],
      "license": "MIT",
      "optional": true,
      "os": [
        "win32"
      ]
    },
    "node_modules/@deno/win32-x64": {
      "version": "2.7.5",
      "resolved": "https://registry.npmjs.org/@deno/win32-x64/-/win32-x64-2.7.5.tgz",
      "integrity": "sha512-efhRhUsFt+eqrcS/kF5zyL96utBspzZ+QN/U31sRwJrKjM5dM+EgGMLXA5sdGT61AJbK1nWP7oWAiiaPsM8NRQ==",
      "cpu": [
        "x64"
      ],
      "license": "MIT",
      "optional": true,
      "os": [
        "win32"
      ]
    },
    "node_modules/deno": {
      "version": "2.7.5",
      "resolved": "https://registry.npmjs.org/deno/-/deno-2.7.5.tgz",
      "integrity": "sha512-H/hwHQ79ZtoEYz+Om7BHz83sUUR2b+JF3U4NokKwyqh9XmRDYvIdWvGRj/nwry/MDWBCrGRokaR65A6rN2kPpA==",
      "hasInstallScript": true,
      "license": "MIT",
      "bin": {
        "deno": "bin.cjs"
      },
      "optionalDependencies": {
        "@deno/darwin-arm64": "2.7.5",
        "@deno/darwin-x64": "2.7.5",
        "@deno/linux-arm64-glibc": "2.7.5",
        "@deno/linux-x64-glibc": "2.7.5",
        "@deno/win32-arm64": "2.7.5",
        "@deno/win32-x64": "2.7.5"
      }
    }
  }
}
